// !$*UTF8*$!
{
	archiveVersion = 1;
	classes = {
	};
	objectVersion = 77;
	objects = {

/* Begin PBXContainerItemProxy section */
		B4C0C9352CAF63B2000C3989 /* PBXContainerItemProxy */ = {
			isa = PBXContainerItemProxy;
			containerPortal = B4C0C91C2CAF63B0000C3989 /* Project object */;
			proxyType = 1;
			remoteGlobalIDString = B4C0C9232CAF63B0000C3989;
			remoteInfo = SwiftyHalloween;
		};
		B4C0C93F2CAF63B2000C3989 /* PBXContainerItemProxy */ = {
			isa = PBXContainerItemProxy;
			containerPortal = B4C0C91C2CAF63B0000C3989 /* Project object */;
			proxyType = 1;
			remoteGlobalIDString = B4C0C9232CAF63B0000C3989;
			remoteInfo = SwiftyHalloween;
		};
/* End PBXContainerItemProxy section */

/* Begin PBXFileReference section */
		B4C0C9242CAF63B0000C3989 /* SwiftyHalloween.app */ = {isa = PBXFileReference; explicitFileType = wrapper.application; includeInIndex = 0; path = SwiftyHalloween.app; sourceTree = BUILT_PRODUCTS_DIR; };
		B4C0C9342CAF63B2000C3989 /* SwiftyHalloweenTests.xctest */ = {isa = PBXFileReference; explicitFileType = wrapper.cfbundle; includeInIndex = 0; path = SwiftyHalloweenTests.xctest; sourceTree = BUILT_PRODUCTS_DIR; };
		B4C0C93E2CAF63B2000C3989 /* SwiftyHalloweenUITests.xctest */ = {isa = PBXFileReference; explicitFileType = wrapper.cfbundle; includeInIndex = 0; path = SwiftyHalloweenUITests.xctest; sourceTree = BUILT_PRODUCTS_DIR; };
/* End PBXFileReference section */

/* Begin PBXFileSystemSynchronizedBuildFileExceptionSet section */
		B4C0C9522CAF6637000C3989 /* Exceptions for "SwiftyHalloween" folder in "SwiftyHalloween" target */ = {
			isa = PBXFileSystemSynchronizedBuildFileExceptionSet;
			membershipExceptions = (
				Info.plist,
			);
			target = B4C0C9232CAF63B0000C3989 /* SwiftyHalloween */;
		};
/* End PBXFileSystemSynchronizedBuildFileExceptionSet section */

/* Begin PBXFileSystemSynchronizedRootGroup section */
		B4C0C9262CAF63B0000C3989 /* SwiftyHalloween */ = {
			isa = PBXFileSystemSynchronizedRootGroup;
			exceptions = (
				B4C0C9522CAF6637000C3989 /* Exceptions for "SwiftyHalloween" folder in "SwiftyHalloween" target */,
			);
			path = SwiftyHalloween;
			sourceTree = "<group>";
		};
		B4C0C9372CAF63B2000C3989 /* SwiftyHalloweenTests */ = {
			isa = PBXFileSystemSynchronizedRootGroup;
			path = SwiftyHalloweenTests;
			sourceTree = "<group>";
		};
		B4C0C9412CAF63B2000C3989 /* SwiftyHalloweenUITests */ = {
			isa = PBXFileSystemSynchronizedRootGroup;
			path = SwiftyHalloweenUITests;
			sourceTree = "<group>";
		};
/* End PBXFileSystemSynchronizedRootGroup section */

/* Begin PBXFrameworksBuildPhase section */
		B4C0C9212CAF63B0000C3989 /* Frameworks */ = {
			isa = PBXFrameworksBuildPhase;
			buildActionMask = 2147483647;
			files = (
			);
			runOnlyForDeploymentPostprocessing = 0;
		};
		B4C0C9312CAF63B2000C3989 /* Frameworks */ = {
			isa = PBXFrameworksBuildPhase;
			buildActionMask = 2147483647;
			files = (
			);
			runOnlyForDeploymentPostprocessing = 0;
		};
		B4C0C93B2CAF63B2000C3989 /* Frameworks */ = {
			isa = PBXFrameworksBuildPhase;
			buildActionMask = 2147483647;
			files = (
			);
			runOnlyForDeploymentPostprocessing = 0;
		};
/* End PBXFrameworksBuildPhase section */

/* Begin PBXGroup section */
		B4C0C91B2CAF63B0000C3989 = {
			isa = PBXGroup;
			children = (
				B4C0C9262CAF63B0000C3989 /* SwiftyHalloween */,
				B4C0C9372CAF63B2000C3989 /* SwiftyHalloweenTests */,
				B4C0C9412CAF63B2000C3989 /* SwiftyHalloweenUITests */,
				B4C0C9252CAF63B0000C3989 /* Products */,
			);
			sourceTree = "<group>";
		};
		B4C0C9252CAF63B0000C3989 /* Products */ = {
			isa = PBXGroup;
			children = (
				B4C0C9242CAF63B0000C3989 /* SwiftyHalloween.app */,
				B4C0C9342CAF63B2000C3989 /* SwiftyHalloweenTests.xctest */,
				B4C0C93E2CAF63B2000C3989 /* SwiftyHalloweenUITests.xctest */,
			);
			name = Products;
			sourceTree = "<group>";
		};
/* End PBXGroup section */

/* Begin PBXNativeTarget section */
		B4C0C9232CAF63B0000C3989 /* SwiftyHalloween */ = {
			isa = PBXNativeTarget;
			buildConfigurationList = B4C0C9482CAF63B2000C3989 /* Build configuration list for PBXNativeTarget "SwiftyHalloween" */;
			buildPhases = (
				B4C0C9202CAF63B0000C3989 /* Sources */,
				B4C0C9212CAF63B0000C3989 /* Frameworks */,
				B4C0C9222CAF63B0000C3989 /* Resources */,
			);
			buildRules = (
			);
			dependencies = (
			);
			fileSystemSynchronizedGroups = (
				B4C0C9262CAF63B0000C3989 /* SwiftyHalloween */,
			);
			name = SwiftyHalloween;
			packageProductDependencies = (
			);
			productName = SwiftyHalloween;
			productReference = B4C0C9242CAF63B0000C3989 /* SwiftyHalloween.app */;
			productType = "com.apple.product-type.application";
		};
		B4C0C9332CAF63B2000C3989 /* SwiftyHalloweenTests */ = {
			isa = PBXNativeTarget;
			buildConfigurationList = B4C0C94B2CAF63B2000C3989 /* Build configuration list for PBXNativeTarget "SwiftyHalloweenTests" */;
			buildPhases = (
				B4C0C9302CAF63B2000C3989 /* Sources */,
				B4C0C9312CAF63B2000C3989 /* Frameworks */,
				B4C0C9322CAF63B2000C3989 /* Resources */,
			);
			buildRules = (
			);
			dependencies = (
				B4C0C9362CAF63B2000C3989 /* PBXTargetDependency */,
			);
			fileSystemSynchronizedGroups = (
				B4C0C9372CAF63B2000C3989 /* SwiftyHalloweenTests */,
			);
			name = SwiftyHalloweenTests;
			packageProductDependencies = (
			);
			productName = SwiftyHalloweenTests;
			productReference = B4C0C9342CAF63B2000C3989 /* SwiftyHalloweenTests.xctest */;
			productType = "com.apple.product-type.bundle.unit-test";
		};
		B4C0C93D2CAF63B2000C3989 /* SwiftyHalloweenUITests */ = {
			isa = PBXNativeTarget;
			buildConfigurationList = B4C0C94E2CAF63B2000C3989 /* Build configuration list for PBXNativeTarget "SwiftyHalloweenUITests" */;
			buildPhases = (
				B4C0C93A2CAF63B2000C3989 /* Sources */,
				B4C0C93B2CAF63B2000C3989 /* Frameworks */,
				B4C0C93C2CAF63B2000C3989 /* Resources */,
			);
			buildRules = (
			);
			dependencies = (
				B4C0C9402CAF63B2000C3989 /* PBXTargetDependency */,
			);
			fileSystemSynchronizedGroups = (
				B4C0C9412CAF63B2000C3989 /* SwiftyHalloweenUITests */,
			);
			name = SwiftyHalloweenUITests;
			packageProductDependencies = (
			);
			productName = SwiftyHalloweenUITests;
			productReference = B4C0C93E2CAF63B2000C3989 /* SwiftyHalloweenUITests.xctest */;
			productType = "com.apple.product-type.bundle.ui-testing";
		};
/* End PBXNativeTarget section */

/* Begin PBXProject section */
		B4C0C91C2CAF63B0000C3989 /* Project object */ = {
			isa = PBXProject;
			attributes = {
				BuildIndependentTargetsInParallel = 1;
				LastSwiftUpdateCheck = 1600;
				LastUpgradeCheck = 1600;
				TargetAttributes = {
					B4C0C9232CAF63B0000C3989 = {
						CreatedOnToolsVersion = 16.0;
					};
					B4C0C9332CAF63B2000C3989 = {
						CreatedOnToolsVersion = 16.0;
						TestTargetID = B4C0C9232CAF63B0000C3989;
					};
					B4C0C93D2CAF63B2000C3989 = {
						CreatedOnToolsVersion = 16.0;
						TestTargetID = B4C0C9232CAF63B0000C3989;
					};
				};
			};
			buildConfigurationList = B4C0C91F2CAF63B0000C3989 /* Build configuration list for PBXProject "SwiftyHalloween" */;
			developmentRegion = en;
			hasScannedForEncodings = 0;
			knownRegions = (
				en,
				Base,
			);
			mainGroup = B4C0C91B2CAF63B0000C3989;
			minimizedProjectReferenceProxies = 1;
			preferredProjectObjectVersion = 77;
			productRefGroup = B4C0C9252CAF63B0000C3989 /* Products */;
			projectDirPath = "";
			projectRoot = "";
			targets = (
				B4C0C9232CAF63B0000C3989 /* SwiftyHalloween */,
				B4C0C9332CAF63B2000C3989 /* SwiftyHalloweenTests */,
				B4C0C93D2CAF63B2000C3989 /* SwiftyHalloweenUITests */,
			);
		};
/* End PBXProject section */

/* Begin PBXResourcesBuildPhase section */
		B4C0C9222CAF63B0000C3989 /* Resources */ = {
			isa = PBXResourcesBuildPhase;
			buildActionMask = 2147483647;
			files = (
			);
			runOnlyForDeploymentPostprocessing = 0;
		};
		B4C0C9322CAF63B2000C3989 /* Resources */ = {
			isa = PBXResourcesBuildPhase;
			buildActionMask = 2147483647;
			files = (
			);
			runOnlyForDeploymentPostprocessing = 0;
		};
		B4C0C93C2CAF63B2000C3989 /* Resources */ = {
			isa = PBXResourcesBuildPhase;
			buildActionMask = 2147483647;
			files = (
			);
			runOnlyForDeploymentPostprocessing = 0;
		};
/* End PBXResourcesBuildPhase section */

/* Begin PBXSourcesBuildPhase section */
		B4C0C9202CAF63B0000C3989 /* Sources */ = {
			isa = PBXSourcesBuildPhase;
			buildActionMask = 2147483647;
			files = (
			);
			runOnlyForDeploymentPostprocessing = 0;
		};
		B4C0C9302CAF63B2000C3989 /* Sources */ = {
			isa = PBXSourcesBuildPhase;
			buildActionMask = 2147483647;
			files = (
			);
			runOnlyForDeploymentPostprocessing = 0;
		};
		B4C0C93A2CAF63B2000C3989 /* Sources */ = {
			isa = PBXSourcesBuildPhase;
			buildActionMask = 2147483647;
			files = (
			);
			runOnlyForDeploymentPostprocessing = 0;
		};
/* End PBXSourcesBuildPhase section */

/* Begin PBXTargetDependency section */
		B4C0C9362CAF63B2000C3989 /* PBXTargetDependency */ = {
			isa = PBXTargetDependency;
			target = B4C0C9232CAF63B0000C3989 /* SwiftyHalloween */;
			targetProxy = B4C0C9352CAF63B2000C3989 /* PBXContainerItemProxy */;
		};
		B4C0C9402CAF63B2000C3989 /* PBXTargetDependency */ = {
			isa = PBXTargetDependency;
			target = B4C0C9232CAF63B0000C3989 /* SwiftyHalloween */;
			targetProxy = B4C0C93F2CAF63B2000C3989 /* PBXContainerItemProxy */;
		};
/* End PBXTargetDependency section */

/* Begin XCBuildConfiguration section */
		B4C0C9462CAF63B2000C3989 /* Debug */ = {
			isa = XCBuildConfiguration;
			buildSettings = {
				ALWAYS_SEARCH_USER_PATHS = NO;
				ASSETCATALOG_COMPILER_GENERATE_SWIFT_ASSET_SYMBOL_EXTENSIONS = YES;
				CLANG_ANALYZER_NONNULL = YES;
				CLANG_ANALYZER_NUMBER_OBJECT_CONVERSION = YES_AGGRESSIVE;
				CLANG_CXX_LANGUAGE_STANDARD = "gnu++20";
				CLANG_ENABLE_MODULES = YES;
				CLANG_ENABLE_OBJC_ARC = YES;
				CLANG_ENABLE_OBJC_WEAK = YES;
				CLANG_WARN_BLOCK_CAPTURE_AUTORELEASING = YES;
				CLANG_WARN_BOOL_CONVERSION = YES;
				CLANG_WARN_COMMA = YES;
				CLANG_WARN_CONSTANT_CONVERSION = YES;
				CLANG_WARN_DEPRECATED_OBJC_IMPLEMENTATIONS = YES;
				CLANG_WARN_DIRECT_OBJC_ISA_USAGE = YES_ERROR;
				CLANG_WARN_DOCUMENTATION_COMMENTS = YES;
				CLANG_WARN_EMPTY_BODY = YES;
				CLANG_WARN_ENUM_CONVERSION = YES;
				CLANG_WARN_INFINITE_RECURSION = YES;
				CLANG_WARN_INT_CONVERSION = YES;
				CLANG_WARN_NON_LITERAL_NULL_CONVERSION = YES;
				CLANG_WARN_OBJC_IMPLICIT_RETAIN_SELF = YES;
				CLANG_WARN_OBJC_LITERAL_CONVERSION = YES;
				CLANG_WARN_OBJC_ROOT_CLASS = YES_ERROR;
				CLANG_WARN_QUOTED_INCLUDE_IN_FRAMEWORK_HEADER = YES;
				CLANG_WARN_RANGE_LOOP_ANALYSIS = YES;
				CLANG_WARN_STRICT_PROTOTYPES = YES;
				CLANG_WARN_SUSPICIOUS_MOVE = YES;
				CLANG_WARN_UNGUARDED_AVAILABILITY = YES_AGGRESSIVE;
				CLANG_WARN_UNREACHABLE_CODE = YES;
				CLANG_WARN__DUPLICATE_METHOD_MATCH = YES;
				COPY_PHASE_STRIP = NO;
				DEBUG_INFORMATION_FORMAT = dwarf;
				ENABLE_STRICT_OBJC_MSGSEND = YES;
				ENABLE_TESTABILITY = YES;
				ENABLE_USER_SCRIPT_SANDBOXING = YES;
				GCC_C_LANGUAGE_STANDARD = gnu17;
				GCC_DYNAMIC_NO_PIC = NO;
				GCC_NO_COMMON_BLOCKS = YES;
				GCC_OPTIMIZATION_LEVEL = 0;
				GCC_PREPROCESSOR_DEFINITIONS = (
					"DEBUG=1",
					"$(inherited)",
				);
				GCC_WARN_64_TO_32_BIT_CONVERSION = YES;
				GCC_WARN_ABOUT_RETURN_TYPE = YES_ERROR;
				GCC_WARN_UNDECLARED_SELECTOR = YES;
				GCC_WARN_UNINITIALIZED_AUTOS = YES_AGGRESSIVE;
				GCC_WARN_UNUSED_FUNCTION = YES;
				GCC_WARN_UNUSED_VARIABLE = YES;
				IPHONEOS_DEPLOYMENT_TARGET = 18.0;
				LOCALIZATION_PREFERS_STRING_CATALOGS = YES;
				MTL_ENABLE_DEBUG_INFO = INCLUDE_SOURCE;
				MTL_FAST_MATH = YES;
				ONLY_ACTIVE_ARCH = YES;
				SDKROOT = iphoneos;
				SWIFT_ACTIVE_COMPILATION_CONDITIONS = "DEBUG $(inherited)";
				SWIFT_OPTIMIZATION_LEVEL = "-Onone";
			};
			name = Debug;
		};
		B4C0C9472CAF63B2000C3989 /* Release */ = {
			isa = XCBuildConfiguration;
			buildSettings = {
				ALWAYS_SEARCH_USER_PATHS = NO;
				ASSETCATALOG_COMPILER_GENERATE_SWIFT_ASSET_SYMBOL_EXTENSIONS = YES;
				CLANG_ANALYZER_NONNULL = YES;
				CLANG_ANALYZER_NUMBER_OBJECT_CONVERSION = YES_AGGRESSIVE;
				CLANG_CXX_LANGUAGE_STANDARD = "gnu++20";
				CLANG_ENABLE_MODULES = YES;
				CLANG_ENABLE_OBJC_ARC = YES;
				CLANG_ENABLE_OBJC_WEAK = YES;
				CLANG_WARN_BLOCK_CAPTURE_AUTORELEASING = YES;
				CLANG_WARN_BOOL_CONVERSION = YES;
				CLANG_WARN_COMMA = YES;
				CLANG_WARN_CONSTANT_CONVERSION = YES;
				CLANG_WARN_DEPRECATED_OBJC_IMPLEMENTATIONS = YES;
				CLANG_WARN_DIRECT_OBJC_ISA_USAGE = YES_ERROR;
				CLANG_WARN_DOCUMENTATION_COMMENTS = YES;
				CLANG_WARN_EMPTY_BODY = YES;
				CLANG_WARN_ENUM_CONVERSION = YES;
				CLANG_WARN_INFINITE_RECURSION = YES;
				CLANG_WARN_INT_CONVERSION = YES;
				CLANG_WARN_NON_LITERAL_NULL_CONVERSION = YES;
				CLANG_WARN_OBJC_IMPLICIT_RETAIN_SELF = YES;
				CLANG_WARN_OBJC_LITERAL_CONVERSION = YES;
				CLANG_WARN_OBJC_ROOT_CLASS = YES_ERROR;
				CLANG_WARN_QUOTED_INCLUDE_IN_FRAMEWORK_HEADER = YES;
				CLANG_WARN_RANGE_LOOP_ANALYSIS = YES;
				CLANG_WARN_STRICT_PROTOTYPES = YES;
				CLANG_WARN_SUSPICIOUS_MOVE = YES;
				CLANG_WARN_UNGUARDED_AVAILABILITY = YES_AGGRESSIVE;
				CLANG_WARN_UNREACHABLE_CODE = YES;
				CLANG_WARN__DUPLICATE_METHOD_MATCH = YES;
				COPY_PHASE_STRIP = NO;
				DEBUG_INFORMATION_FORMAT = "dwarf-with-dsym";
				ENABLE_NS_ASSERTIONS = NO;
				ENABLE_STRICT_OBJC_MSGSEND = YES;
				ENABLE_USER_SCRIPT_SANDBOXING = YES;
				GCC_C_LANGUAGE_STANDARD = gnu17;
				GCC_NO_COMMON_BLOCKS = YES;
				GCC_WARN_64_TO_32_BIT_CONVERSION = YES;
				GCC_WARN_ABOUT_RETURN_TYPE = YES_ERROR;
				GCC_WARN_UNDECLARED_SELECTOR = YES;
				GCC_WARN_UNINITIALIZED_AUTOS = YES_AGGRESSIVE;
				GCC_WARN_UNUSED_FUNCTION = YES;
				GCC_WARN_UNUSED_VARIABLE = YES;
				IPHONEOS_DEPLOYMENT_TARGET = 18.0;
				LOCALIZATION_PREFERS_STRING_CATALOGS = YES;
				MTL_ENABLE_DEBUG_INFO = NO;
				MTL_FAST_MATH = YES;
				SDKROOT = iphoneos;
				SWIFT_COMPILATION_MODE = wholemodule;
				VALIDATE_PRODUCT = YES;
			};
			name = Release;
		};
		B4C0C9492CAF63B2000C3989 /* Debug */ = {
			isa = XCBuildConfiguration;
			buildSettings = {
				ASSETCATALOG_COMPILER_APPICON_NAME = AppIcon;
				ASSETCATALOG_COMPILER_GLOBAL_ACCENT_COLOR_NAME = AccentColor;
				CODE_SIGN_STYLE = Automatic;
				CURRENT_PROJECT_VERSION = 1;
				DEVELOPMENT_ASSET_PATHS = "\"SwiftyHalloween/Preview Content\"";
				DEVELOPMENT_TEAM = LM87Z3HV8C;
				ENABLE_PREVIEWS = YES;
				GENERATE_INFOPLIST_FILE = YES;
				INFOPLIST_FILE = SwiftyHalloween/Info.plist;
				INFOPLIST_KEY_LSApplicationCategoryType = "";
				INFOPLIST_KEY_UIApplicationSceneManifest_Generation = YES;
				INFOPLIST_KEY_UIApplicationSupportsIndirectInputEvents = YES;
				INFOPLIST_KEY_UISupportedInterfaceOrientations_iPad = "UIInterfaceOrientationPortrait UIInterfaceOrientationPortraitUpsideDown UIInterfaceOrientationLandscapeLeft UIInterfaceOrientationLandscapeRight";
				INFOPLIST_KEY_UISupportedInterfaceOrientations_iPhone = "UIInterfaceOrientationPortrait UIInterfaceOrientationLandscapeLeft UIInterfaceOrientationLandscapeRight";
				LD_RUNPATH_SEARCH_PATHS = (
					"$(inherited)",
					"@executable_path/Frameworks",
				);
				MARKETING_VERSION = 1.0;
				PRODUCT_BUNDLE_IDENTIFIER = com.xia.SwiftyHalloween;
				PRODUCT_NAME = "$(TARGET_NAME)";
				SWIFT_EMIT_LOC_STRINGS = YES;
				SWIFT_VERSION = 5.0;
				TARGETED_DEVICE_FAMILY = "1,2";
			};
			name = Debug;
		};
		B4C0C94A2CAF63B2000C3989 /* Release */ = {
			isa = XCBuildConfiguration;
			buildSettings = {
				ASSETCATALOG_COMPILER_APPICON_NAME = AppIcon;
				ASSETCATALOG_COMPILER_GLOBAL_ACCENT_COLOR_NAME = AccentColor;
				CODE_SIGN_STYLE = Automatic;
				CURRENT_PROJECT_VERSION = 1;
				DEVELOPMENT_ASSET_PATHS = "\"SwiftyHalloween/Preview Content\"";
				DEVELOPMENT_TEAM = LM87Z3HV8C;
				ENABLE_PREVIEWS = YES;
				GENERATE_INFOPLIST_FILE = YES;
				INFOPLIST_FILE = SwiftyHalloween/Info.plist;
				INFOPLIST_KEY_LSApplicationCategoryType = "";
				INFOPLIST_KEY_UIApplicationSceneManifest_Generation = YES;
				INFOPLIST_KEY_UIApplicationSupportsIndirectInputEvents = YES;
				INFOPLIST_KEY_UISupportedInterfaceOrientations_iPad = "UIInterfaceOrientationPortrait UIInterfaceOrientationPortraitUpsideDown UIInterfaceOrientationLandscapeLeft UIInterfaceOrientationLandscapeRight";
				INFOPLIST_KEY_UISupportedInterfaceOrientations_iPhone = "UIInterfaceOrientationPortrait UIInterfaceOrientationLandscapeLeft UIInterfaceOrientationLandscapeRight";
				LD_RUNPATH_SEARCH_PATHS = (
					"$(inherited)",
					"@executable_path/Frameworks",
				);
				MARKETING_VERSION = 1.0;
				PRODUCT_BUNDLE_IDENTIFIER = com.xia.SwiftyHalloween;
				PRODUCT_NAME = "$(TARGET_NAME)";
				SWIFT_EMIT_LOC_STRINGS = YES;
				SWIFT_VERSION = 5.0;
				TARGETED_DEVICE_FAMILY = "1,2";
			};
			name = Release;
		};
		B4C0C94C2CAF63B2000C3989 /* Debug */ = {
			isa = XCBuildConfiguration;
			buildSettings = {
				BUNDLE_LOADER = "$(TEST_HOST)";
				CODE_SIGN_STYLE = Automatic;
				CURRENT_PROJECT_VERSION = 1;
				DEVELOPMENT_TEAM = LM87Z3HV8C;
				GENERATE_INFOPLIST_FILE = YES;
				IPHONEOS_DEPLOYMENT_TARGET = 18.0;
				MARKETING_VERSION = 1.0;
				PRODUCT_BUNDLE_IDENTIFIER = com.xia.SwiftyHalloweenTests;
				PRODUCT_NAME = "$(TARGET_NAME)";
				SWIFT_EMIT_LOC_STRINGS = NO;
				SWIFT_VERSION = 5.0;
				TARGETED_DEVICE_FAMILY = "1,2";
				TEST_HOST = "$(BUILT_PRODUCTS_DIR)/SwiftyHalloween.app/$(BUNDLE_EXECUTABLE_FOLDER_PATH)/SwiftyHalloween";
			};
			name = Debug;
		};
		B4C0C94D2CAF63B2000C3989 /* Release */ = {
			isa = XCBuildConfiguration;
			buildSettings = {
				BUNDLE_LOADER = "$(TEST_HOST)";
				CODE_SIGN_STYLE = Automatic;
				CURRENT_PROJECT_VERSION = 1;
				DEVELOPMENT_TEAM = LM87Z3HV8C;
				GENERATE_INFOPLIST_FILE = YES;
				IPHONEOS_DEPLOYMENT_TARGET = 18.0;
				MARKETING_VERSION = 1.0;
				PRODUCT_BUNDLE_IDENTIFIER = com.xia.SwiftyHalloweenTests;
				PRODUCT_NAME = "$(TARGET_NAME)";
				SWIFT_EMIT_LOC_STRINGS = NO;
				SWIFT_VERSION = 5.0;
				TARGETED_DEVICE_FAMILY = "1,2";
				TEST_HOST = "$(BUILT_PRODUCTS_DIR)/SwiftyHalloween.app/$(BUNDLE_EXECUTABLE_FOLDER_PATH)/SwiftyHalloween";
			};
			name = Release;
		};
		B4C0C94F2CAF63B2000C3989 /* Debug */ = {
			isa = XCBuildConfiguration;
			buildSettings = {
				CODE_SIGN_STYLE = Automatic;
				CURRENT_PROJECT_VERSION = 1;
				DEVELOPMENT_TEAM = LM87Z3HV8C;
				GENERATE_INFOPLIST_FILE = YES;
				MARKETING_VERSION = 1.0;
				PRODUCT_BUNDLE_IDENTIFIER = com.xia.SwiftyHalloweenUITests;
				PRODUCT_NAME = "$(TARGET_NAME)";
				SWIFT_EMIT_LOC_STRINGS = NO;
				SWIFT_VERSION = 5.0;
				TARGETED_DEVICE_FAMILY = "1,2";
				TEST_TARGET_NAME = SwiftyHalloween;
			};
			name = Debug;
		};
		B4C0C9502CAF63B2000C3989 /* Release */ = {
			isa = XCBuildConfiguration;
			buildSettings = {
				CODE_SIGN_STYLE = Automatic;
				CURRENT_PROJECT_VERSION = 1;
				DEVELOPMENT_TEAM = LM87Z3HV8C;
				GENERATE_INFOPLIST_FILE = YES;
				MARKETING_VERSION = 1.0;
				PRODUCT_BUNDLE_IDENTIFIER = com.xia.SwiftyHalloweenUITests;
				PRODUCT_NAME = "$(TARGET_NAME)";
				SWIFT_EMIT_LOC_STRINGS = NO;
				SWIFT_VERSION = 5.0;
				TARGETED_DEVICE_FAMILY = "1,2";
				TEST_TARGET_NAME = SwiftyHalloween;
			};
			name = Release;
		};
/* End XCBuildConfiguration section */

/* Begin XCConfigurationList section */
		B4C0C91F2CAF63B0000C3989 /* Build configuration list for PBXProject "SwiftyHalloween" */ = {
			isa = XCConfigurationList;
			buildConfigurations = (
				B4C0C9462CAF63B2000C3989 /* Debug */,
				B4C0C9472CAF63B2000C3989 /* Release */,
			);
			defaultConfigurationIsVisible = 0;
			defaultConfigurationName = Release;
		};
		B4C0C9482CAF63B2000C3989 /* Build configuration list for PBXNativeTarget "SwiftyHalloween" */ = {
			isa = XCConfigurationList;
			buildConfigurations = (
				B4C0C9492CAF63B2000C3989 /* Debug */,
				B4C0C94A2CAF63B2000C3989 /* Release */,
			);
			defaultConfigurationIsVisible = 0;
			defaultConfigurationName = Release;
		};
		B4C0C94B2CAF63B2000C3989 /* Build configuration list for PBXNativeTarget "SwiftyHalloweenTests" */ = {
			isa = XCConfigurationList;
			buildConfigurations = (
				B4C0C94C2CAF63B2000C3989 /* Debug */,
				B4C0C94D2CAF63B2000C3989 /* Release */,
			);
			defaultConfigurationIsVisible = 0;
			defaultConfigurationName = Release;
		};
		B4C0C94E2CAF63B2000C3989 /* Build configuration list for PBXNativeTarget "SwiftyHalloweenUITests" */ = {
			isa = XCConfigurationList;
			buildConfigurations = (
				B4C0C94F2CAF63B2000C3989 /* Debug */,
				B4C0C9502CAF63B2000C3989 /* Release */,
			);
			defaultConfigurationIsVisible = 0;
			defaultConfigurationName = Release;
		};
/* End XCConfigurationList section */
	};
	rootObject = B4C0C91C2CAF63B0000C3989 /* Project object */;
}
